
Microsoft Visual Studio Solution File, Format Version 12.00
# Visual Studio Version 17
VisualStudioVersion = 17.3.32929.385
MinimumVisualStudioVersion = 10.0.40219.1
Project("{9A19103F-16F7-4668-BE54-9A1E7A4F7556}") = "lib", "lib\lib.csproj", "{B378D995-91AF-4A1B-8A9D-FA0CD3FA8088}"
EndProject
Project("{9A19103F-16F7-4668-BE54-9A1E7A4F7556}") = "DSLibTests", "DSLibTests\DSLibTests.csproj", "{DBD3FC07-404C-45A3-B8EA-CCC969156189}"
EndProject
Global
	GlobalSection(SolutionConfigurationPlatforms) = preSolution
		Debug|Any CPU = Debug|Any CPU
		Release|Any CPU = Release|Any CPU
	EndGlobalSection
	GlobalSection(ProjectConfigurationPlatforms) = postSolution
		{B378D995-91AF-4A1B-8A9D-FA0CD3FA8088}.Debug|Any CPU.ActiveCfg = Debug|Any CPU
		{B378D995-91AF-4A1B-8A9D-FA0CD3FA8088}.Debug|Any CPU.Build.0 = Debug|Any CPU
		{B378D995-91AF-4A1B-8A9D-FA0CD3FA8088}.Release|Any CPU.ActiveCfg = Release|Any CPU
		{B378D995-91AF-4A1B-8A9D-FA0CD3FA8088}.Release|Any CPU.Build.0 = Release|Any CPU
		{DBD3FC07-404C-45A3-B8EA-CCC969156189}.Debug|Any CPU.ActiveCfg = Debug|Any CPU
		{DBD3FC07-404C-45A3-B8EA-CCC969156189}.Debug|Any CPU.Build.0 = Debug|Any CPU
		{DBD3FC07-404C-45A3-B8EA-CCC969156189}.Release|Any CPU.ActiveCfg = Release|Any CPU
		{DBD3FC07-404C-45A3-B8EA-CCC969156189}.Release|Any CPU.Build.0 = Release|Any CPU
	EndGlobalSection
	GlobalSection(SolutionProperties) = preSolution
		HideSolutionNode = FALSE
	EndGlobalSection
	GlobalSection(ExtensibilityGlobals) = postSolution
		SolutionGuid = {8188CD6F-C31C-4673-A1EB-BE8A0CECA105}
	EndGlobalSection
EndGlobal
